Microsoft Visual Studio Solution File, Format Version 12.00
# Visual Studio Version 17
VisualStudioVersion = 17.5.2.0
MinimumVisualStudioVersion = 10.0.40219.1
Project("{FAE04EC0-301F-11D3-BF4B-00C04F79EFBC}") = "RestaurantApi", "RestaurantApi.csproj", "{B8A79B6D-B667-CFBB-A571-AB3AA428D302}"
EndProject
Project("{2150E333-8FDC-42A3-9474-1A3956D46DE8}") = "src", "src", "{827E0CD3-B72D-47B6-A68D-7590B98EB39B}"
EndProject
Project("{FAE04EC0-301F-11D3-BF4B-00C04F79EFBC}") = "Restaurant.Api.Application", "src\Restaurant.Api.Application\Restaurant.Api.Application.csproj", "{6280D3F0-B64E-56B1-D40F-145379868B12}"
EndProject
Project("{FAE04EC0-301F-11D3-BF4B-00C04F79EFBC}") = "Restaurant.Api.Infrastructure", "src\Restaurant.Api.Infraestructure\Restaurant.Api.Infrastructure.csproj", "{0DC29B5E-B549-D03E-1451-C9853BB6132B}"
EndProject
Project("{FAE04EC0-301F-11D3-BF4B-00C04F79EFBC}") = "Restaurant.Api.Core", "src\Restaurant.Api.Core\Restaurant.Api.Core.csproj", "{F575218D-D8AE-48EC-80D9-4A49FC079457}"
EndProject
Global
	GlobalSection(SolutionConfigurationPlatforms) = preSolution
		Debug|Any CPU = Debug|Any CPU
		Release|Any CPU = Release|Any CPU
	EndGlobalSection
	GlobalSection(ProjectConfigurationPlatforms) = postSolution
		{B8A79B6D-B667-CFBB-A571-AB3AA428D302}.Debug|Any CPU.ActiveCfg = Debug|Any CPU
		{B8A79B6D-B667-CFBB-A571-AB3AA428D302}.Debug|Any CPU.Build.0 = Debug|Any CPU
		{B8A79B6D-B667-CFBB-A571-AB3AA428D302}.Release|Any CPU.ActiveCfg = Release|Any CPU
		{B8A79B6D-B667-CFBB-A571-AB3AA428D302}.Release|Any CPU.Build.0 = Release|Any CPU
		{6280D3F0-B64E-56B1-D40F-145379868B12}.Debug|Any CPU.ActiveCfg = Debug|Any CPU
		{6280D3F0-B64E-56B1-D40F-145379868B12}.Debug|Any CPU.Build.0 = Debug|Any CPU
		{6280D3F0-B64E-56B1-D40F-145379868B12}.Release|Any CPU.ActiveCfg = Release|Any CPU
		{6280D3F0-B64E-56B1-D40F-145379868B12}.Release|Any CPU.Build.0 = Release|Any CPU
		{0DC29B5E-B549-D03E-1451-C9853BB6132B}.Debug|Any CPU.ActiveCfg = Debug|Any CPU
		{0DC29B5E-B549-D03E-1451-C9853BB6132B}.Debug|Any CPU.Build.0 = Debug|Any CPU
		{0DC29B5E-B549-D03E-1451-C9853BB6132B}.Release|Any CPU.ActiveCfg = Release|Any CPU
		{0DC29B5E-B549-D03E-1451-C9853BB6132B}.Release|Any CPU.Build.0 = Release|Any CPU
		{F575218D-D8AE-48EC-80D9-4A49FC079457}.Debug|Any CPU.ActiveCfg = Debug|Any CPU
		{F575218D-D8AE-48EC-80D9-4A49FC079457}.Debug|Any CPU.Build.0 = Debug|Any CPU
		{F575218D-D8AE-48EC-80D9-4A49FC079457}.Release|Any CPU.ActiveCfg = Release|Any CPU
		{F575218D-D8AE-48EC-80D9-4A49FC079457}.Release|Any CPU.Build.0 = Release|Any CPU
	EndGlobalSection
	GlobalSection(SolutionProperties) = preSolution
		HideSolutionNode = FALSE
	EndGlobalSection
	GlobalSection(NestedProjects) = preSolution
		{B8A79B6D-B667-CFBB-A571-AB3AA428D302} = {827E0CD3-B72D-47B6-A68D-7590B98EB39B}
		{6280D3F0-B64E-56B1-D40F-145379868B12} = {827E0CD3-B72D-47B6-A68D-7590B98EB39B}
		{0DC29B5E-B549-D03E-1451-C9853BB6132B} = {827E0CD3-B72D-47B6-A68D-7590B98EB39B}
		{F575218D-D8AE-48EC-80D9-4A49FC079457} = {827E0CD3-B72D-47B6-A68D-7590B98EB39B}
	EndGlobalSection
	GlobalSection(ExtensibilityGlobals) = postSolution
		SolutionGuid = {C6FCB399-F9C7-40F4-A8E7-53E3B0B762E6}
	EndGlobalSection
EndGlobal
