
Microsoft Visual Studio Solution File, Format Version 12.00
# Visual Studio Version 17
VisualStudioVersion = 17.0.31903.59
MinimumVisualStudioVersion = 10.0.40219.1
Project("{FAE04EC0-301F-11D3-BF4B-00C04F79EFBC}") = "RestaurantApi", "RestaurantApi.csproj", "{CE9ED742-13FE-4575-9D5A-71A74542A77F}"
EndProject
Project("{2150E333-8FDC-42A3-9474-1A3956D46DE8}") = "src", "src", "{E735A670-1386-4B6E-AE51-EB9EF7349BC2}"
EndProject
Project("{FAE04EC0-301F-11D3-BF4B-00C04F79EFBC}") = "Restaurant.Api.Core", "src\Restaurant.Api.Core\Restaurant.Api.Core.csproj", "{9A29E98C-02D3-44C2-A205-75D79764749C}"
EndProject
Project("{FAE04EC0-301F-11D3-BF4B-00C04F79EFBC}") = "Restaurant.Api.Application", "src\Restaurant.Api.Application\Restaurant.Api.Application.csproj", "{20C774D0-073B-4094-9381-564DED9FF4C2}"
EndProject
Project("{FAE04EC0-301F-11D3-BF4B-00C04F79EFBC}") = "Restaurant.Api.Infrastructure", "src\Restaurant.Api.Infraestructure\Restaurant.Api.Infrastructure.csproj", "{5658F265-2383-4E18-A5F1-24F53B1936A7}"
EndProject
Global
	GlobalSection(SolutionConfigurationPlatforms) = preSolution
		Debug|Any CPU = Debug|Any CPU
		Release|Any CPU = Release|Any CPU
	EndGlobalSection
	GlobalSection(SolutionProperties) = preSolution
		HideSolutionNode = FALSE
	EndGlobalSection
	GlobalSection(ProjectConfigurationPlatforms) = postSolution
		{CE9ED742-13FE-4575-9D5A-71A74542A77F}.Debug|Any CPU.ActiveCfg = Debug|Any CPU
		{CE9ED742-13FE-4575-9D5A-71A74542A77F}.Debug|Any CPU.Build.0 = Debug|Any CPU
		{CE9ED742-13FE-4575-9D5A-71A74542A77F}.Release|Any CPU.ActiveCfg = Release|Any CPU
		{CE9ED742-13FE-4575-9D5A-71A74542A77F}.Release|Any CPU.Build.0 = Release|Any CPU
		{9A29E98C-02D3-44C2-A205-75D79764749C}.Debug|Any CPU.ActiveCfg = Debug|Any CPU
		{9A29E98C-02D3-44C2-A205-75D79764749C}.Debug|Any CPU.Build.0 = Debug|Any CPU
		{9A29E98C-02D3-44C2-A205-75D79764749C}.Release|Any CPU.ActiveCfg = Release|Any CPU
		{9A29E98C-02D3-44C2-A205-75D79764749C}.Release|Any CPU.Build.0 = Release|Any CPU
		{20C774D0-073B-4094-9381-564DED9FF4C2}.Debug|Any CPU.ActiveCfg = Debug|Any CPU
		{20C774D0-073B-4094-9381-564DED9FF4C2}.Debug|Any CPU.Build.0 = Debug|Any CPU
		{20C774D0-073B-4094-9381-564DED9FF4C2}.Release|Any CPU.ActiveCfg = Release|Any CPU
		{20C774D0-073B-4094-9381-564DED9FF4C2}.Release|Any CPU.Build.0 = Release|Any CPU
		{5658F265-2383-4E18-A5F1-24F53B1936A7}.Debug|Any CPU.ActiveCfg = Debug|Any CPU
		{5658F265-2383-4E18-A5F1-24F53B1936A7}.Debug|Any CPU.Build.0 = Debug|Any CPU
		{5658F265-2383-4E18-A5F1-24F53B1936A7}.Release|Any CPU.ActiveCfg = Release|Any CPU
		{5658F265-2383-4E18-A5F1-24F53B1936A7}.Release|Any CPU.Build.0 = Release|Any CPU
	EndGlobalSection
	GlobalSection(NestedProjects) = preSolution
		{9A29E98C-02D3-44C2-A205-75D79764749C} = {E735A670-1386-4B6E-AE51-EB9EF7349BC2}
		{20C774D0-073B-4094-9381-564DED9FF4C2} = {E735A670-1386-4B6E-AE51-EB9EF7349BC2}
		{5658F265-2383-4E18-A5F1-24F53B1936A7} = {E735A670-1386-4B6E-AE51-EB9EF7349BC2}
	EndGlobalSection
EndGlobal
